
Microsoft Visual Studio Solution File, Format Version 12.00
# Visual Studio 15
VisualStudioVersion = 15.0.28307.271
MinimumVisualStudioVersion = 10.0.40219.1
Project("{F14B399A-7131-4C87-9E4B-1186C45EF12D}") = "ex4_reporting_services", "ex4_reporting_services\ex4_reporting_services.rptproj", "{4B596DC8-BADE-4C23-BFD4-BCC66CFBF613}"
EndProject
Global
	GlobalSection(SolutionConfigurationPlatforms) = preSolution
		Debug|Default = Debug|Default
		DebugLocal|Default = DebugLocal|Default
		Release|Default = Release|Default
	EndGlobalSection
	GlobalSection(ProjectConfigurationPlatforms) = postSolution
		{4B596DC8-BADE-4C23-BFD4-BCC66CFBF613}.Debug|Default.ActiveCfg = Debug
		{4B596DC8-BADE-4C23-BFD4-BCC66CFBF613}.Debug|Default.Build.0 = Debug
		{4B596DC8-BADE-4C23-BFD4-BCC66CFBF613}.Debug|Default.Deploy.0 = Debug
		{4B596DC8-BADE-4C23-BFD4-BCC66CFBF613}.DebugLocal|Default.ActiveCfg = DebugLocal
		{4B596DC8-BADE-4C23-BFD4-BCC66CFBF613}.DebugLocal|Default.Build.0 = DebugLocal
		{4B596DC8-BADE-4C23-BFD4-BCC66CFBF613}.Release|Default.ActiveCfg = Release
		{4B596DC8-BADE-4C23-BFD4-BCC66CFBF613}.Release|Default.Build.0 = Release
		{4B596DC8-BADE-4C23-BFD4-BCC66CFBF613}.Release|Default.Deploy.0 = Release
	EndGlobalSection
	GlobalSection(SolutionProperties) = preSolution
		HideSolutionNode = FALSE
	EndGlobalSection
	GlobalSection(ExtensibilityGlobals) = postSolution
		SolutionGuid = {F735F90F-3F2A-409F-9B85-60232D7D8467}
	EndGlobalSection
EndGlobal
