
Microsoft Visual Studio Solution File, Format Version 12.00
# Visual Studio 2013
VisualStudioVersion = 12.0.40629.0
MinimumVisualStudioVersion = 10.0.40219.1
Project("{159641D6-6404-4A2A-AE62-294DE0FE8301}") = "BXBooks_Import", "BXBooks_Import\BXBooks_Import.dtproj", "{7A9D8C22-E8D4-4AAB-AFBC-E0EF8A83FB8D}"
EndProject
Global
	GlobalSection(SolutionConfigurationPlatforms) = preSolution
		Development|Default = Development|Default
	EndGlobalSection
	GlobalSection(ProjectConfigurationPlatforms) = postSolution
		{7A9D8C22-E8D4-4AAB-AFBC-E0EF8A83FB8D}.Development|Default.ActiveCfg = Development
		{7A9D8C22-E8D4-4AAB-AFBC-E0EF8A83FB8D}.Development|Default.Build.0 = Development
	EndGlobalSection
	GlobalSection(SolutionProperties) = preSolution
		HideSolutionNode = FALSE
	EndGlobalSection
EndGlobal
